
Microsoft Visual Studio Solution File, Format Version 12.00
# Visual Studio Version 16
VisualStudioVersion = 16.0.30621.155
MinimumVisualStudioVersion = 10.0.40219.1
Project("{888888A0-9F3D-457C-B088-3A5042F75D52}") = "IBM4_Serial", "IBM4_Serial\IBM4_Serial.pyproj", "{A9D69096-A78A-4744-9FDD-79AC0AAA021E}"
EndProject
Global
	GlobalSection(SolutionConfigurationPlatforms) = preSolution
		Debug|Any CPU = Debug|Any CPU
		Release|Any CPU = Release|Any CPU
	EndGlobalSection
	GlobalSection(ProjectConfigurationPlatforms) = postSolution
		{A9D69096-A78A-4744-9FDD-79AC0AAA021E}.Debug|Any CPU.ActiveCfg = Debug|Any CPU
		{A9D69096-A78A-4744-9FDD-79AC0AAA021E}.Release|Any CPU.ActiveCfg = Release|Any CPU
	EndGlobalSection
	GlobalSection(SolutionProperties) = preSolution
		HideSolutionNode = FALSE
	EndGlobalSection
	GlobalSection(ExtensibilityGlobals) = postSolution
		SolutionGuid = {3A593C3A-6A9D-4832-A766-9799F8E81EB9}
	EndGlobalSection
EndGlobal
